
Microsoft Visual Studio Solution File, Format Version 12.00
# Visual Studio Version 17
VisualStudioVersion = 17.10.34928.147
MinimumVisualStudioVersion = 10.0.40219.1
Project("{FAE04EC0-301F-11D3-BF4B-00C04F79EFBC}") = "AutomobileLibrary", "AutomobileLibrary\AutomobileLibrary.csproj", "{1F06E550-FBBE-4B9B-AFD1-102BD17D01F8}"
EndProject
Project("{FAE04EC0-301F-11D3-BF4B-00C04F79EFBC}") = "AutomobileWinApp", "AutomobileWinApp\AutomobileWinApp.csproj", "{06F8E976-71FE-4BC0-98D5-C9ED4AAE4BEF}"
EndProject
Global
	GlobalSection(SolutionConfigurationPlatforms) = preSolution
		Debug|Any CPU = Debug|Any CPU
		Release|Any CPU = Release|Any CPU
	EndGlobalSection
	GlobalSection(ProjectConfigurationPlatforms) = postSolution
		{1F06E550-FBBE-4B9B-AFD1-102BD17D01F8}.Debug|Any CPU.ActiveCfg = Debug|Any CPU
		{1F06E550-FBBE-4B9B-AFD1-102BD17D01F8}.Debug|Any CPU.Build.0 = Debug|Any CPU
		{1F06E550-FBBE-4B9B-AFD1-102BD17D01F8}.Release|Any CPU.ActiveCfg = Release|Any CPU
		{1F06E550-FBBE-4B9B-AFD1-102BD17D01F8}.Release|Any CPU.Build.0 = Release|Any CPU
		{06F8E976-71FE-4BC0-98D5-C9ED4AAE4BEF}.Debug|Any CPU.ActiveCfg = Debug|Any CPU
		{06F8E976-71FE-4BC0-98D5-C9ED4AAE4BEF}.Debug|Any CPU.Build.0 = Debug|Any CPU
		{06F8E976-71FE-4BC0-98D5-C9ED4AAE4BEF}.Release|Any CPU.ActiveCfg = Release|Any CPU
		{06F8E976-71FE-4BC0-98D5-C9ED4AAE4BEF}.Release|Any CPU.Build.0 = Release|Any CPU
	EndGlobalSection
	GlobalSection(SolutionProperties) = preSolution
		HideSolutionNode = FALSE
	EndGlobalSection
	GlobalSection(ExtensibilityGlobals) = postSolution
		SolutionGuid = {F6D0FB3B-AFAA-4CFD-BAF7-98102A12A3BF}
	EndGlobalSection
EndGlobal
